
Microsoft Visual Studio Solution File, Format Version 12.00
# Visual Studio Version 16
VisualStudioVersion = 16.0.30523.141
MinimumVisualStudioVersion = 10.0.40219.1
Project("{FAE04EC0-301F-11D3-BF4B-00C04F79EFBC}") = "midterm", "midterm.csproj", "{F3E5FCEE-0EA9-45BE-A405-31C5EE2C709B}"
EndProject
Global
	GlobalSection(SolutionConfigurationPlatforms) = preSolution
		Debug|Any CPU = Debug|Any CPU
		Release|Any CPU = Release|Any CPU
	EndGlobalSection
	GlobalSection(ProjectConfigurationPlatforms) = postSolution
		{F3E5FCEE-0EA9-45BE-A405-31C5EE2C709B}.Debug|Any CPU.ActiveCfg = Debug|Any CPU
		{F3E5FCEE-0EA9-45BE-A405-31C5EE2C709B}.Debug|Any CPU.Build.0 = Debug|Any CPU
		{F3E5FCEE-0EA9-45BE-A405-31C5EE2C709B}.Release|Any CPU.ActiveCfg = Release|Any CPU
		{F3E5FCEE-0EA9-45BE-A405-31C5EE2C709B}.Release|Any CPU.Build.0 = Release|Any CPU
	EndGlobalSection
	GlobalSection(SolutionProperties) = preSolution
		HideSolutionNode = FALSE
	EndGlobalSection
	GlobalSection(ExtensibilityGlobals) = postSolution
		SolutionGuid = {5CBD1F81-D0C9-4CF3-8D12-E19E3E48CE9E}
	EndGlobalSection
EndGlobal
