
Microsoft Visual Studio Solution File, Format Version 12.00
# Visual Studio Version 16
VisualStudioVersion = 16.0.30517.126
MinimumVisualStudioVersion = 10.0.40219.1
Project("{FAE04EC0-301F-11D3-BF4B-00C04F79EFBC}") = "mid", "mid.csproj", "{263C3D48-8653-4B6D-AA53-0B1A6A870571}"
EndProject
Global
	GlobalSection(SolutionConfigurationPlatforms) = preSolution
		Debug|Any CPU = Debug|Any CPU
		Release|Any CPU = Release|Any CPU
	EndGlobalSection
	GlobalSection(ProjectConfigurationPlatforms) = postSolution
		{263C3D48-8653-4B6D-AA53-0B1A6A870571}.Debug|Any CPU.ActiveCfg = Debug|Any CPU
		{263C3D48-8653-4B6D-AA53-0B1A6A870571}.Debug|Any CPU.Build.0 = Debug|Any CPU
		{263C3D48-8653-4B6D-AA53-0B1A6A870571}.Release|Any CPU.ActiveCfg = Release|Any CPU
		{263C3D48-8653-4B6D-AA53-0B1A6A870571}.Release|Any CPU.Build.0 = Release|Any CPU
	EndGlobalSection
	GlobalSection(SolutionProperties) = preSolution
		HideSolutionNode = FALSE
	EndGlobalSection
	GlobalSection(ExtensibilityGlobals) = postSolution
		SolutionGuid = {FE493D02-F508-4DFC-9252-C3A5CA5353E8}
	EndGlobalSection
EndGlobal
